
Microsoft Visual Studio Solution File, Format Version 12.00
# Visual Studio Version 17
VisualStudioVersion = 17.11.35208.52
MinimumVisualStudioVersion = 10.0.40219.1
Project("{FAE04EC0-301F-11D3-BF4B-00C04F79EFBC}") = "Corte1", "Corte1\Corte1.csproj", "{7A6E4354-1FBA-4FA3-8D80-D73A4BDAD595}"
EndProject
Global
	GlobalSection(SolutionConfigurationPlatforms) = preSolution
		Debug|Any CPU = Debug|Any CPU
		Release|Any CPU = Release|Any CPU
	EndGlobalSection
	GlobalSection(ProjectConfigurationPlatforms) = postSolution
		{7A6E4354-1FBA-4FA3-8D80-D73A4BDAD595}.Debug|Any CPU.ActiveCfg = Debug|Any CPU
		{7A6E4354-1FBA-4FA3-8D80-D73A4BDAD595}.Debug|Any CPU.Build.0 = Debug|Any CPU
		{7A6E4354-1FBA-4FA3-8D80-D73A4BDAD595}.Release|Any CPU.ActiveCfg = Release|Any CPU
		{7A6E4354-1FBA-4FA3-8D80-D73A4BDAD595}.Release|Any CPU.Build.0 = Release|Any CPU
	EndGlobalSection
	GlobalSection(SolutionProperties) = preSolution
		HideSolutionNode = FALSE
	EndGlobalSection
	GlobalSection(ExtensibilityGlobals) = postSolution
		SolutionGuid = {68C5A7A3-817F-454D-9EA9-0EEF6F71ACE7}
	EndGlobalSection
EndGlobal
